
Microsoft Visual Studio Solution File, Format Version 12.00
# Visual Studio Version 16
VisualStudioVersion = 16.0.34114.132
MinimumVisualStudioVersion = 10.0.40219.1
Project("{FAE04EC0-301F-11D3-BF4B-00C04F79EFBC}") = "WpfApp1", "WpfApp1\WpfApp1.csproj", "{2FA52D13-5FC7-481D-A8D8-786FA83ECB8B}"
EndProject
Global
	GlobalSection(SolutionConfigurationPlatforms) = preSolution
		Debug|Any CPU = Debug|Any CPU
		Release|Any CPU = Release|Any CPU
	EndGlobalSection
	GlobalSection(ProjectConfigurationPlatforms) = postSolution
		{2FA52D13-5FC7-481D-A8D8-786FA83ECB8B}.Debug|Any CPU.ActiveCfg = Debug|Any CPU
		{2FA52D13-5FC7-481D-A8D8-786FA83ECB8B}.Debug|Any CPU.Build.0 = Debug|Any CPU
		{2FA52D13-5FC7-481D-A8D8-786FA83ECB8B}.Release|Any CPU.ActiveCfg = Release|Any CPU
		{2FA52D13-5FC7-481D-A8D8-786FA83ECB8B}.Release|Any CPU.Build.0 = Release|Any CPU
	EndGlobalSection
	GlobalSection(SolutionProperties) = preSolution
		HideSolutionNode = FALSE
	EndGlobalSection
	GlobalSection(ExtensibilityGlobals) = postSolution
		SolutionGuid = {899BB301-1499-4E61-A851-A8FF49D45472}
	EndGlobalSection
EndGlobal
